
Microsoft Visual Studio Solution File, Format Version 12.00
# Visual Studio Version 16
VisualStudioVersion = 16.0.30225.117
MinimumVisualStudioVersion = 10.0.40219.1
Project("{FAE04EC0-301F-11D3-BF4B-00C04F79EFBC}") = "soap_test", "soap_test\soap_test.csproj", "{122F8745-4465-4F10-8C4F-97E3EDEE479C}"
EndProject
Global
	GlobalSection(SolutionConfigurationPlatforms) = preSolution
		Debug|Any CPU = Debug|Any CPU
		Release|Any CPU = Release|Any CPU
	EndGlobalSection
	GlobalSection(ProjectConfigurationPlatforms) = postSolution
		{122F8745-4465-4F10-8C4F-97E3EDEE479C}.Debug|Any CPU.ActiveCfg = Debug|Any CPU
		{122F8745-4465-4F10-8C4F-97E3EDEE479C}.Debug|Any CPU.Build.0 = Debug|Any CPU
		{122F8745-4465-4F10-8C4F-97E3EDEE479C}.Release|Any CPU.ActiveCfg = Release|Any CPU
		{122F8745-4465-4F10-8C4F-97E3EDEE479C}.Release|Any CPU.Build.0 = Release|Any CPU
	EndGlobalSection
	GlobalSection(SolutionProperties) = preSolution
		HideSolutionNode = FALSE
	EndGlobalSection
	GlobalSection(ExtensibilityGlobals) = postSolution
		SolutionGuid = {73828CF3-2902-449B-9B6C-4BEAF37339FA}
	EndGlobalSection
EndGlobal
